// !$*UTF8*$!
{
	archiveVersion = 1;
	classes = {
	};
	objectVersion = 56;
	objects = {

/* Begin PBXBuildFile section */
		705621492A435C190032CD91 /* OTOptionControl.swift in Sources */ = {isa = PBXBuildFile; fileRef = 705621482A435C190032CD91 /* OTOptionControl.swift */; };
		706FBD692ADD9151004705F5 /* UserConfigurationService.swift in Sources */ = {isa = PBXBuildFile; fileRef = 706FBD682ADD9151004705F5 /* UserConfigurationService.swift */; };
		70C707E62A5363E70007A576 /* UICollectionView+Extension.swift in Sources */ = {isa = PBXBuildFile; fileRef = 70C707E52A5363E70007A576 /* UICollectionView+Extension.swift */; };
		70C707E82A5365070007A576 /* Reusable.swift in Sources */ = {isa = PBXBuildFile; fileRef = 70C707E72A5365070007A576 /* Reusable.swift */; };
		70C707EA2A5369E10007A576 /* MixingContainer.swift in Sources */ = {isa = PBXBuildFile; fileRef = 70C707E92A5369E10007A576 /* MixingContainer.swift */; };
		70C707EC2A536FA00007A576 /* TrackPlaybackControlsPanel.swift in Sources */ = {isa = PBXBuildFile; fileRef = 70C707EB2A536FA00007A576 /* TrackPlaybackControlsPanel.swift */; };
		70C707EE2A5375150007A576 /* TrackTimelinePanel.swift in Sources */ = {isa = PBXBuildFile; fileRef = 70C707ED2A5375150007A576 /* TrackTimelinePanel.swift */; };
		70D5B8E52ABE60A900D54BC0 /* TrackFileService.swift in Sources */ = {isa = PBXBuildFile; fileRef = 70D5B8E42ABE60A900D54BC0 /* TrackFileService.swift */; };
		70D5B8E82ABE623E00D54BC0 /* ImportedTrackFile.swift in Sources */ = {isa = PBXBuildFile; fileRef = 70D5B8E72ABE623E00D54BC0 /* ImportedTrackFile.swift */; };
		70D5B8EA2ABE6AB100D54BC0 /* OTNavigationController.swift in Sources */ = {isa = PBXBuildFile; fileRef = 70D5B8E92ABE6AB100D54BC0 /* OTNavigationController.swift */; };
		70D5B8EE2ABE714B00D54BC0 /* ImportedTracksCollectionHeader.swift in Sources */ = {isa = PBXBuildFile; fileRef = 70D5B8ED2ABE714B00D54BC0 /* ImportedTracksCollectionHeader.swift */; };
		70F4C00E2A2824F3004FDC5A /* AppDelegate.swift in Sources */ = {isa = PBXBuildFile; fileRef = 70F4C00D2A2824F3004FDC5A /* AppDelegate.swift */; };
		70F4C0102A2824F3004FDC5A /* SceneDelegate.swift in Sources */ = {isa = PBXBuildFile; fileRef = 70F4C00F2A2824F3004FDC5A /* SceneDelegate.swift */; };
		70F4C0122A2824F3004FDC5A /* ViewController.swift in Sources */ = {isa = PBXBuildFile; fileRef = 70F4C0112A2824F3004FDC5A /* ViewController.swift */; };
		70F4C0172A2824F4004FDC5A /* Assets.xcassets in Resources */ = {isa = PBXBuildFile; fileRef = 70F4C0162A2824F4004FDC5A /* Assets.xcassets */; };
		70F4C01A2A2824F4004FDC5A /* LaunchScreen.storyboard in Resources */ = {isa = PBXBuildFile; fileRef = 70F4C0182A2824F4004FDC5A /* LaunchScreen.storyboard */; };
		70F4C0222A2826F6004FDC5A /* MainViewController.swift in Sources */ = {isa = PBXBuildFile; fileRef = 70F4C0212A2826F6004FDC5A /* MainViewController.swift */; };
		70F4C0242A282A2B004FDC5A /* FileObject.swift in Sources */ = {isa = PBXBuildFile; fileRef = 70F4C0232A282A2B004FDC5A /* FileObject.swift */; };
		70F4C0262A283E90004FDC5A /* TrackViewController.swift in Sources */ = {isa = PBXBuildFile; fileRef = 70F4C0252A283E90004FDC5A /* TrackViewController.swift */; };
		70F4C0292A28441C004FDC5A /* AVFAudio.framework in Frameworks */ = {isa = PBXBuildFile; fileRef = 70F4C0282A28441C004FDC5A /* AVFAudio.framework */; };
		70FC27252A333D3B00A6122B /* TrackEditViewController.swift in Sources */ = {isa = PBXBuildFile; fileRef = 70FC27242A333D3B00A6122B /* TrackEditViewController.swift */; };
		70FC27282A335EAC00A6122B /* TrackTimelineControl.swift in Sources */ = {isa = PBXBuildFile; fileRef = 70FC27272A335EAB00A6122B /* TrackTimelineControl.swift */; };
		70FF75732A2CD5B100558DD0 /* ImportedTracksViewController.swift in Sources */ = {isa = PBXBuildFile; fileRef = 70FF75722A2CD5B100558DD0 /* ImportedTracksViewController.swift */; };
		70FF75812A2CE6D700558DD0 /* UIColor+Extensions.swift in Sources */ = {isa = PBXBuildFile; fileRef = 70FF75802A2CE6D700558DD0 /* UIColor+Extensions.swift */; };
		70FF75842A2D078700558DD0 /* ImportedTracksCollectionCell.swift in Sources */ = {isa = PBXBuildFile; fileRef = 70FF75832A2D078700558DD0 /* ImportedTracksCollectionCell.swift */; };
/* End PBXBuildFile section */

/* Begin PBXFileReference section */
		705621482A435C190032CD91 /* OTOptionControl.swift */ = {isa = PBXFileReference; lastKnownFileType = sourcecode.swift; path = OTOptionControl.swift; sourceTree = "<group>"; };
		706FBD682ADD9151004705F5 /* UserConfigurationService.swift */ = {isa = PBXFileReference; lastKnownFileType = sourcecode.swift; path = UserConfigurationService.swift; sourceTree = "<group>"; };
		70C707E52A5363E70007A576 /* UICollectionView+Extension.swift */ = {isa = PBXFileReference; lastKnownFileType = sourcecode.swift; path = "UICollectionView+Extension.swift"; sourceTree = "<group>"; };
		70C707E72A5365070007A576 /* Reusable.swift */ = {isa = PBXFileReference; lastKnownFileType = sourcecode.swift; path = Reusable.swift; sourceTree = "<group>"; };
		70C707E92A5369E10007A576 /* MixingContainer.swift */ = {isa = PBXFileReference; lastKnownFileType = sourcecode.swift; path = MixingContainer.swift; sourceTree = "<group>"; };
		70C707EB2A536FA00007A576 /* TrackPlaybackControlsPanel.swift */ = {isa = PBXFileReference; lastKnownFileType = sourcecode.swift; path = TrackPlaybackControlsPanel.swift; sourceTree = "<group>"; };
		70C707ED2A5375150007A576 /* TrackTimelinePanel.swift */ = {isa = PBXFileReference; lastKnownFileType = sourcecode.swift; path = TrackTimelinePanel.swift; sourceTree = "<group>"; };
		70D5B8E42ABE60A900D54BC0 /* TrackFileService.swift */ = {isa = PBXFileReference; lastKnownFileType = sourcecode.swift; path = TrackFileService.swift; sourceTree = "<group>"; };
		70D5B8E72ABE623E00D54BC0 /* ImportedTrackFile.swift */ = {isa = PBXFileReference; lastKnownFileType = sourcecode.swift; path = ImportedTrackFile.swift; sourceTree = "<group>"; };
		70D5B8E92ABE6AB100D54BC0 /* OTNavigationController.swift */ = {isa = PBXFileReference; lastKnownFileType = sourcecode.swift; path = OTNavigationController.swift; sourceTree = "<group>"; };
		70D5B8ED2ABE714B00D54BC0 /* ImportedTracksCollectionHeader.swift */ = {isa = PBXFileReference; lastKnownFileType = sourcecode.swift; path = ImportedTracksCollectionHeader.swift; sourceTree = "<group>"; };
		70F4C00A2A2824F3004FDC5A /* OlwaTrack.app */ = {isa = PBXFileReference; explicitFileType = wrapper.application; includeInIndex = 0; path = OlwaTrack.app; sourceTree = BUILT_PRODUCTS_DIR; };
		70F4C00D2A2824F3004FDC5A /* AppDelegate.swift */ = {isa = PBXFileReference; lastKnownFileType = sourcecode.swift; path = AppDelegate.swift; sourceTree = "<group>"; };
		70F4C00F2A2824F3004FDC5A /* SceneDelegate.swift */ = {isa = PBXFileReference; lastKnownFileType = sourcecode.swift; path = SceneDelegate.swift; sourceTree = "<group>"; };
		70F4C0112A2824F3004FDC5A /* ViewController.swift */ = {isa = PBXFileReference; lastKnownFileType = sourcecode.swift; path = ViewController.swift; sourceTree = "<group>"; };
		70F4C0162A2824F4004FDC5A /* Assets.xcassets */ = {isa = PBXFileReference; lastKnownFileType = folder.assetcatalog; path = Assets.xcassets; sourceTree = "<group>"; };
		70F4C0192A2824F4004FDC5A /* Base */ = {isa = PBXFileReference; lastKnownFileType = file.storyboard; name = Base; path = Base.lproj/LaunchScreen.storyboard; sourceTree = "<group>"; };
		70F4C01B2A2824F4004FDC5A /* Info.plist */ = {isa = PBXFileReference; lastKnownFileType = text.plist.xml; path = Info.plist; sourceTree = "<group>"; };
		70F4C0212A2826F6004FDC5A /* MainViewController.swift */ = {isa = PBXFileReference; lastKnownFileType = sourcecode.swift; path = MainViewController.swift; sourceTree = "<group>"; };
		70F4C0232A282A2B004FDC5A /* FileObject.swift */ = {isa = PBXFileReference; lastKnownFileType = sourcecode.swift; path = FileObject.swift; sourceTree = "<group>"; };
		70F4C0252A283E90004FDC5A /* TrackViewController.swift */ = {isa = PBXFileReference; lastKnownFileType = sourcecode.swift; path = TrackViewController.swift; sourceTree = "<group>"; };
		70F4C0282A28441C004FDC5A /* AVFAudio.framework */ = {isa = PBXFileReference; lastKnownFileType = wrapper.framework; name = AVFAudio.framework; path = System/Library/Frameworks/AVFAudio.framework; sourceTree = SDKROOT; };
		70FC27242A333D3B00A6122B /* TrackEditViewController.swift */ = {isa = PBXFileReference; lastKnownFileType = sourcecode.swift; path = TrackEditViewController.swift; sourceTree = "<group>"; };
		70FC27272A335EAB00A6122B /* TrackTimelineControl.swift */ = {isa = PBXFileReference; lastKnownFileType = sourcecode.swift; path = TrackTimelineControl.swift; sourceTree = "<group>"; };
		70FF75722A2CD5B100558DD0 /* ImportedTracksViewController.swift */ = {isa = PBXFileReference; lastKnownFileType = sourcecode.swift; path = ImportedTracksViewController.swift; sourceTree = "<group>"; };
		70FF75802A2CE6D700558DD0 /* UIColor+Extensions.swift */ = {isa = PBXFileReference; lastKnownFileType = sourcecode.swift; path = "UIColor+Extensions.swift"; sourceTree = "<group>"; };
		70FF75832A2D078700558DD0 /* ImportedTracksCollectionCell.swift */ = {isa = PBXFileReference; lastKnownFileType = sourcecode.swift; path = ImportedTracksCollectionCell.swift; sourceTree = "<group>"; };
/* End PBXFileReference section */

/* Begin PBXFrameworksBuildPhase section */
		70F4C0072A2824F3004FDC5A /* Frameworks */ = {
			isa = PBXFrameworksBuildPhase;
			buildActionMask = 2147483647;
			files = (
				70F4C0292A28441C004FDC5A /* AVFAudio.framework in Frameworks */,
			);
			runOnlyForDeploymentPostprocessing = 0;
		};
/* End PBXFrameworksBuildPhase section */

/* Begin PBXGroup section */
		70D5B8E32ABE609A00D54BC0 /* Services */ = {
			isa = PBXGroup;
			children = (
				70D5B8E42ABE60A900D54BC0 /* TrackFileService.swift */,
				706FBD682ADD9151004705F5 /* UserConfigurationService.swift */,
			);
			path = Services;
			sourceTree = "<group>";
		};
		70D5B8E62ABE623100D54BC0 /* Entities */ = {
			isa = PBXGroup;
			children = (
				70D5B8E72ABE623E00D54BC0 /* ImportedTrackFile.swift */,
			);
			path = Entities;
			sourceTree = "<group>";
		};
		70F4C0012A2824F3004FDC5A = {
			isa = PBXGroup;
			children = (
				70F4C00C2A2824F3004FDC5A /* OlwaTrack */,
				70F4C00B2A2824F3004FDC5A /* Products */,
				70F4C0272A28441C004FDC5A /* Frameworks */,
			);
			sourceTree = "<group>";
		};
		70F4C00B2A2824F3004FDC5A /* Products */ = {
			isa = PBXGroup;
			children = (
				70F4C00A2A2824F3004FDC5A /* OlwaTrack.app */,
			);
			name = Products;
			sourceTree = "<group>";
		};
		70F4C00C2A2824F3004FDC5A /* OlwaTrack */ = {
			isa = PBXGroup;
			children = (
				70D5B8E62ABE623100D54BC0 /* Entities */,
				70D5B8E32ABE609A00D54BC0 /* Services */,
				70FF75772A2CD87900558DD0 /* Extensions */,
				70FF75742A2CD78500558DD0 /* CustomizedElements */,
				70FF75712A2CCD4200558DD0 /* TrackEditModule */,
				70FF75702A2CCCE400558DD0 /* ImportedTracksModule */,
				70F4C00D2A2824F3004FDC5A /* AppDelegate.swift */,
				70F4C0212A2826F6004FDC5A /* MainViewController.swift */,
				70F4C00F2A2824F3004FDC5A /* SceneDelegate.swift */,
				70F4C0252A283E90004FDC5A /* TrackViewController.swift */,
				70F4C0232A282A2B004FDC5A /* FileObject.swift */,
				70F4C0112A2824F3004FDC5A /* ViewController.swift */,
				70F4C0162A2824F4004FDC5A /* Assets.xcassets */,
				70F4C0182A2824F4004FDC5A /* LaunchScreen.storyboard */,
				70F4C01B2A2824F4004FDC5A /* Info.plist */,
			);
			path = OlwaTrack;
			sourceTree = "<group>";
		};
		70F4C0272A28441C004FDC5A /* Frameworks */ = {
			isa = PBXGroup;
			children = (
				70F4C0282A28441C004FDC5A /* AVFAudio.framework */,
			);
			name = Frameworks;
			sourceTree = "<group>";
		};
		70FC27262A335E8400A6122B /* Components */ = {
			isa = PBXGroup;
			children = (
				70FC27272A335EAB00A6122B /* TrackTimelineControl.swift */,
				70C707ED2A5375150007A576 /* TrackTimelinePanel.swift */,
				70C707EB2A536FA00007A576 /* TrackPlaybackControlsPanel.swift */,
				70C707E92A5369E10007A576 /* MixingContainer.swift */,
			);
			path = Components;
			sourceTree = "<group>";
		};
		70FF75702A2CCCE400558DD0 /* ImportedTracksModule */ = {
			isa = PBXGroup;
			children = (
				70FF75722A2CD5B100558DD0 /* ImportedTracksViewController.swift */,
				70FF75822A2D077600558DD0 /* Components */,
			);
			path = ImportedTracksModule;
			sourceTree = "<group>";
		};
		70FF75712A2CCD4200558DD0 /* TrackEditModule */ = {
			isa = PBXGroup;
			children = (
				70FC27242A333D3B00A6122B /* TrackEditViewController.swift */,
				70FC27262A335E8400A6122B /* Components */,
			);
			path = TrackEditModule;
			sourceTree = "<group>";
		};
		70FF75742A2CD78500558DD0 /* CustomizedElements */ = {
			isa = PBXGroup;
			children = (
				705621482A435C190032CD91 /* OTOptionControl.swift */,
				70D5B8E92ABE6AB100D54BC0 /* OTNavigationController.swift */,
			);
			path = CustomizedElements;
			sourceTree = "<group>";
		};
		70FF75772A2CD87900558DD0 /* Extensions */ = {
			isa = PBXGroup;
			children = (
				70FF75802A2CE6D700558DD0 /* UIColor+Extensions.swift */,
				70C707E52A5363E70007A576 /* UICollectionView+Extension.swift */,
				70C707E72A5365070007A576 /* Reusable.swift */,
			);
			path = Extensions;
			sourceTree = "<group>";
		};
		70FF75822A2D077600558DD0 /* Components */ = {
			isa = PBXGroup;
			children = (
				70FF75832A2D078700558DD0 /* ImportedTracksCollectionCell.swift */,
				70D5B8ED2ABE714B00D54BC0 /* ImportedTracksCollectionHeader.swift */,
			);
			path = Components;
			sourceTree = "<group>";
		};
/* End PBXGroup section */

/* Begin PBXNativeTarget section */
		70F4C0092A2824F3004FDC5A /* OlwaTrack */ = {
			isa = PBXNativeTarget;
			buildConfigurationList = 70F4C01E2A2824F4004FDC5A /* Build configuration list for PBXNativeTarget "OlwaTrack" */;
			buildPhases = (
				70F4C0062A2824F3004FDC5A /* Sources */,
				70F4C0072A2824F3004FDC5A /* Frameworks */,
				70F4C0082A2824F3004FDC5A /* Resources */,
			);
			buildRules = (
			);
			dependencies = (
			);
			name = OlwaTrack;
			productName = OlwaTrack;
			productReference = 70F4C00A2A2824F3004FDC5A /* OlwaTrack.app */;
			productType = "com.apple.product-type.application";
		};
/* End PBXNativeTarget section */

/* Begin PBXProject section */
		70F4C0022A2824F3004FDC5A /* Project object */ = {
			isa = PBXProject;
			attributes = {
				BuildIndependentTargetsInParallel = 1;
				LastSwiftUpdateCheck = 1420;
				LastUpgradeCheck = 1420;
				TargetAttributes = {
					70F4C0092A2824F3004FDC5A = {
						CreatedOnToolsVersion = 14.2;
					};
				};
			};
			buildConfigurationList = 70F4C0052A2824F3004FDC5A /* Build configuration list for PBXProject "OlwaTrack" */;
			compatibilityVersion = "Xcode 14.0";
			developmentRegion = en;
			hasScannedForEncodings = 0;
			knownRegions = (
				en,
				Base,
			);
			mainGroup = 70F4C0012A2824F3004FDC5A;
			productRefGroup = 70F4C00B2A2824F3004FDC5A /* Products */;
			projectDirPath = "";
			projectRoot = "";
			targets = (
				70F4C0092A2824F3004FDC5A /* OlwaTrack */,
			);
		};
/* End PBXProject section */

/* Begin PBXResourcesBuildPhase section */
		70F4C0082A2824F3004FDC5A /* Resources */ = {
			isa = PBXResourcesBuildPhase;
			buildActionMask = 2147483647;
			files = (
				70F4C01A2A2824F4004FDC5A /* LaunchScreen.storyboard in Resources */,
				70F4C0172A2824F4004FDC5A /* Assets.xcassets in Resources */,
			);
			runOnlyForDeploymentPostprocessing = 0;
		};
/* End PBXResourcesBuildPhase section */

/* Begin PBXSourcesBuildPhase section */
		70F4C0062A2824F3004FDC5A /* Sources */ = {
			isa = PBXSourcesBuildPhase;
			buildActionMask = 2147483647;
			files = (
				70F4C0122A2824F3004FDC5A /* ViewController.swift in Sources */,
				70FC27282A335EAC00A6122B /* TrackTimelineControl.swift in Sources */,
				70D5B8EE2ABE714B00D54BC0 /* ImportedTracksCollectionHeader.swift in Sources */,
				70F4C00E2A2824F3004FDC5A /* AppDelegate.swift in Sources */,
				70FF75812A2CE6D700558DD0 /* UIColor+Extensions.swift in Sources */,
				70F4C0102A2824F3004FDC5A /* SceneDelegate.swift in Sources */,
				70D5B8E82ABE623E00D54BC0 /* ImportedTrackFile.swift in Sources */,
				70F4C0222A2826F6004FDC5A /* MainViewController.swift in Sources */,
				70C707E82A5365070007A576 /* Reusable.swift in Sources */,
				70C707EC2A536FA00007A576 /* TrackPlaybackControlsPanel.swift in Sources */,
				70C707E62A5363E70007A576 /* UICollectionView+Extension.swift in Sources */,
				70FF75732A2CD5B100558DD0 /* ImportedTracksViewController.swift in Sources */,
				70F4C0262A283E90004FDC5A /* TrackViewController.swift in Sources */,
				70FF75842A2D078700558DD0 /* ImportedTracksCollectionCell.swift in Sources */,
				70C707EA2A5369E10007A576 /* MixingContainer.swift in Sources */,
				70D5B8E52ABE60A900D54BC0 /* TrackFileService.swift in Sources */,
				705621492A435C190032CD91 /* OTOptionControl.swift in Sources */,
				70F4C0242A282A2B004FDC5A /* FileObject.swift in Sources */,
				70FC27252A333D3B00A6122B /* TrackEditViewController.swift in Sources */,
				706FBD692ADD9151004705F5 /* UserConfigurationService.swift in Sources */,
				70D5B8EA2ABE6AB100D54BC0 /* OTNavigationController.swift in Sources */,
				70C707EE2A5375150007A576 /* TrackTimelinePanel.swift in Sources */,
			);
			runOnlyForDeploymentPostprocessing = 0;
		};
/* End PBXSourcesBuildPhase section */

/* Begin PBXVariantGroup section */
		70F4C0182A2824F4004FDC5A /* LaunchScreen.storyboard */ = {
			isa = PBXVariantGroup;
			children = (
				70F4C0192A2824F4004FDC5A /* Base */,
			);
			name = LaunchScreen.storyboard;
			sourceTree = "<group>";
		};
/* End PBXVariantGroup section */

/* Begin XCBuildConfiguration section */
		70F4C01C2A2824F4004FDC5A /* Debug */ = {
			isa = XCBuildConfiguration;
			buildSettings = {
				ALWAYS_SEARCH_USER_PATHS = NO;
				CLANG_ANALYZER_NONNULL = YES;
				CLANG_ANALYZER_NUMBER_OBJECT_CONVERSION = YES_AGGRESSIVE;
				CLANG_CXX_LANGUAGE_STANDARD = "gnu++20";
				CLANG_ENABLE_MODULES = YES;
				CLANG_ENABLE_OBJC_ARC = YES;
				CLANG_ENABLE_OBJC_WEAK = YES;
				CLANG_WARN_BLOCK_CAPTURE_AUTORELEASING = YES;
				CLANG_WARN_BOOL_CONVERSION = YES;
				CLANG_WARN_COMMA = YES;
				CLANG_WARN_CONSTANT_CONVERSION = YES;
				CLANG_WARN_DEPRECATED_OBJC_IMPLEMENTATIONS = YES;
				CLANG_WARN_DIRECT_OBJC_ISA_USAGE = YES_ERROR;
				CLANG_WARN_DOCUMENTATION_COMMENTS = YES;
				CLANG_WARN_EMPTY_BODY = YES;
				CLANG_WARN_ENUM_CONVERSION = YES;
				CLANG_WARN_INFINITE_RECURSION = YES;
				CLANG_WARN_INT_CONVERSION = YES;
				CLANG_WARN_NON_LITERAL_NULL_CONVERSION = YES;
				CLANG_WARN_OBJC_IMPLICIT_RETAIN_SELF = YES;
				CLANG_WARN_OBJC_LITERAL_CONVERSION = YES;
				CLANG_WARN_OBJC_ROOT_CLASS = YES_ERROR;
				CLANG_WARN_QUOTED_INCLUDE_IN_FRAMEWORK_HEADER = YES;
				CLANG_WARN_RANGE_LOOP_ANALYSIS = YES;
				CLANG_WARN_STRICT_PROTOTYPES = YES;
				CLANG_WARN_SUSPICIOUS_MOVE = YES;
				CLANG_WARN_UNGUARDED_AVAILABILITY = YES_AGGRESSIVE;
				CLANG_WARN_UNREACHABLE_CODE = YES;
				CLANG_WARN__DUPLICATE_METHOD_MATCH = YES;
				COPY_PHASE_STRIP = NO;
				DEBUG_INFORMATION_FORMAT = dwarf;
				ENABLE_STRICT_OBJC_MSGSEND = YES;
				ENABLE_TESTABILITY = YES;
				GCC_C_LANGUAGE_STANDARD = gnu11;
				GCC_DYNAMIC_NO_PIC = NO;
				GCC_NO_COMMON_BLOCKS = YES;
				GCC_OPTIMIZATION_LEVEL = 0;
				GCC_PREPROCESSOR_DEFINITIONS = (
					"DEBUG=1",
					"$(inherited)",
				);
				GCC_WARN_64_TO_32_BIT_CONVERSION = YES;
				GCC_WARN_ABOUT_RETURN_TYPE = YES_ERROR;
				GCC_WARN_UNDECLARED_SELECTOR = YES;
				GCC_WARN_UNINITIALIZED_AUTOS = YES_AGGRESSIVE;
				GCC_WARN_UNUSED_FUNCTION = YES;
				GCC_WARN_UNUSED_VARIABLE = YES;
				IPHONEOS_DEPLOYMENT_TARGET = 16.2;
				MTL_ENABLE_DEBUG_INFO = INCLUDE_SOURCE;
				MTL_FAST_MATH = YES;
				ONLY_ACTIVE_ARCH = YES;
				SDKROOT = iphoneos;
				SWIFT_ACTIVE_COMPILATION_CONDITIONS = DEBUG;
				SWIFT_OPTIMIZATION_LEVEL = "-Onone";
			};
			name = Debug;
		};
		70F4C01D2A2824F4004FDC5A /* Release */ = {
			isa = XCBuildConfiguration;
			buildSettings = {
				ALWAYS_SEARCH_USER_PATHS = NO;
				CLANG_ANALYZER_NONNULL = YES;
				CLANG_ANALYZER_NUMBER_OBJECT_CONVERSION = YES_AGGRESSIVE;
				CLANG_CXX_LANGUAGE_STANDARD = "gnu++20";
				CLANG_ENABLE_MODULES = YES;
				CLANG_ENABLE_OBJC_ARC = YES;
				CLANG_ENABLE_OBJC_WEAK = YES;
				CLANG_WARN_BLOCK_CAPTURE_AUTORELEASING = YES;
				CLANG_WARN_BOOL_CONVERSION = YES;
				CLANG_WARN_COMMA = YES;
				CLANG_WARN_CONSTANT_CONVERSION = YES;
				CLANG_WARN_DEPRECATED_OBJC_IMPLEMENTATIONS = YES;
				CLANG_WARN_DIRECT_OBJC_ISA_USAGE = YES_ERROR;
				CLANG_WARN_DOCUMENTATION_COMMENTS = YES;
				CLANG_WARN_EMPTY_BODY = YES;
				CLANG_WARN_ENUM_CONVERSION = YES;
				CLANG_WARN_INFINITE_RECURSION = YES;
				CLANG_WARN_INT_CONVERSION = YES;
				CLANG_WARN_NON_LITERAL_NULL_CONVERSION = YES;
				CLANG_WARN_OBJC_IMPLICIT_RETAIN_SELF = YES;
				CLANG_WARN_OBJC_LITERAL_CONVERSION = YES;
				CLANG_WARN_OBJC_ROOT_CLASS = YES_ERROR;
				CLANG_WARN_QUOTED_INCLUDE_IN_FRAMEWORK_HEADER = YES;
				CLANG_WARN_RANGE_LOOP_ANALYSIS = YES;
				CLANG_WARN_STRICT_PROTOTYPES = YES;
				CLANG_WARN_SUSPICIOUS_MOVE = YES;
				CLANG_WARN_UNGUARDED_AVAILABILITY = YES_AGGRESSIVE;
				CLANG_WARN_UNREACHABLE_CODE = YES;
				CLANG_WARN__DUPLICATE_METHOD_MATCH = YES;
				COPY_PHASE_STRIP = NO;
				DEBUG_INFORMATION_FORMAT = "dwarf-with-dsym";
				ENABLE_NS_ASSERTIONS = NO;
				ENABLE_STRICT_OBJC_MSGSEND = YES;
				GCC_C_LANGUAGE_STANDARD = gnu11;
				GCC_NO_COMMON_BLOCKS = YES;
				GCC_WARN_64_TO_32_BIT_CONVERSION = YES;
				GCC_WARN_ABOUT_RETURN_TYPE = YES_ERROR;
				GCC_WARN_UNDECLARED_SELECTOR = YES;
				GCC_WARN_UNINITIALIZED_AUTOS = YES_AGGRESSIVE;
				GCC_WARN_UNUSED_FUNCTION = YES;
				GCC_WARN_UNUSED_VARIABLE = YES;
				IPHONEOS_DEPLOYMENT_TARGET = 16.2;
				MTL_ENABLE_DEBUG_INFO = NO;
				MTL_FAST_MATH = YES;
				SDKROOT = iphoneos;
				SWIFT_COMPILATION_MODE = wholemodule;
				SWIFT_OPTIMIZATION_LEVEL = "-O";
				VALIDATE_PRODUCT = YES;
			};
			name = Release;
		};
		70F4C01F2A2824F4004FDC5A /* Debug */ = {
			isa = XCBuildConfiguration;
			buildSettings = {
				ASSETCATALOG_COMPILER_APPICON_NAME = AppIcon;
				ASSETCATALOG_COMPILER_GLOBAL_ACCENT_COLOR_NAME = AccentColor;
				CODE_SIGN_STYLE = Automatic;
				CURRENT_PROJECT_VERSION = 1;
				DEVELOPMENT_TEAM = P77P34C9FQ;
				GENERATE_INFOPLIST_FILE = YES;
				INFOPLIST_FILE = OlwaTrack/Info.plist;
				INFOPLIST_KEY_LSApplicationCategoryType = "public.app-category.music";
				INFOPLIST_KEY_UIApplicationSupportsIndirectInputEvents = YES;
				INFOPLIST_KEY_UILaunchStoryboardName = LaunchScreen;
				INFOPLIST_KEY_UISupportedInterfaceOrientations = UIInterfaceOrientationPortrait;
				IPHONEOS_DEPLOYMENT_TARGET = 13.0;
				LD_RUNPATH_SEARCH_PATHS = (
					"$(inherited)",
					"@executable_path/Frameworks",
				);
				MARKETING_VERSION = 1.0;
				PRODUCT_BUNDLE_IDENTIFIER = com.olwastd.OlwaTrack;
				PRODUCT_NAME = "$(TARGET_NAME)";
				SWIFT_EMIT_LOC_STRINGS = YES;
				SWIFT_VERSION = 5.0;
				TARGETED_DEVICE_FAMILY = "1,2";
			};
			name = Debug;
		};
		70F4C0202A2824F4004FDC5A /* Release */ = {
			isa = XCBuildConfiguration;
			buildSettings = {
				ASSETCATALOG_COMPILER_APPICON_NAME = AppIcon;
				ASSETCATALOG_COMPILER_GLOBAL_ACCENT_COLOR_NAME = AccentColor;
				CODE_SIGN_STYLE = Automatic;
				CURRENT_PROJECT_VERSION = 1;
				DEVELOPMENT_TEAM = P77P34C9FQ;
				GENERATE_INFOPLIST_FILE = YES;
				INFOPLIST_FILE = OlwaTrack/Info.plist;
				INFOPLIST_KEY_LSApplicationCategoryType = "public.app-category.music";
				INFOPLIST_KEY_UIApplicationSupportsIndirectInputEvents = YES;
				INFOPLIST_KEY_UILaunchStoryboardName = LaunchScreen;
				INFOPLIST_KEY_UISupportedInterfaceOrientations = UIInterfaceOrientationPortrait;
				IPHONEOS_DEPLOYMENT_TARGET = 13.0;
				LD_RUNPATH_SEARCH_PATHS = (
					"$(inherited)",
					"@executable_path/Frameworks",
				);
				MARKETING_VERSION = 1.0;
				PRODUCT_BUNDLE_IDENTIFIER = com.olwastd.OlwaTrack;
				PRODUCT_NAME = "$(TARGET_NAME)";
				SWIFT_EMIT_LOC_STRINGS = YES;
				SWIFT_VERSION = 5.0;
				TARGETED_DEVICE_FAMILY = "1,2";
			};
			name = Release;
		};
/* End XCBuildConfiguration section */

/* Begin XCConfigurationList section */
		70F4C0052A2824F3004FDC5A /* Build configuration list for PBXProject "OlwaTrack" */ = {
			isa = XCConfigurationList;
			buildConfigurations = (
				70F4C01C2A2824F4004FDC5A /* Debug */,
				70F4C01D2A2824F4004FDC5A /* Release */,
			);
			defaultConfigurationIsVisible = 0;
			defaultConfigurationName = Release;
		};
		70F4C01E2A2824F4004FDC5A /* Build configuration list for PBXNativeTarget "OlwaTrack" */ = {
			isa = XCConfigurationList;
			buildConfigurations = (
				70F4C01F2A2824F4004FDC5A /* Debug */,
				70F4C0202A2824F4004FDC5A /* Release */,
			);
			defaultConfigurationIsVisible = 0;
			defaultConfigurationName = Release;
		};
/* End XCConfigurationList section */
	};
	rootObject = 70F4C0022A2824F3004FDC5A /* Project object */;
}
